
Microsoft Visual Studio Solution File, Format Version 12.00
# Visual Studio Version 17
VisualStudioVersion = 17.2.32408.312
MinimumVisualStudioVersion = 10.0.40219.1
Project("{FAE04EC0-301F-11D3-BF4B-00C04F79EFBC}") = "TesteBackend", "TesteBackend.csproj", "{E13F326F-84E6-4440-AEF0-60A9E38F61E5}"
EndProject
Global
	GlobalSection(SolutionConfigurationPlatforms) = preSolution
		Debug|Any CPU = Debug|Any CPU
		Release|Any CPU = Release|Any CPU
	EndGlobalSection
	GlobalSection(ProjectConfigurationPlatforms) = postSolution
		{E13F326F-84E6-4440-AEF0-60A9E38F61E5}.Debug|Any CPU.ActiveCfg = Debug|Any CPU
		{E13F326F-84E6-4440-AEF0-60A9E38F61E5}.Debug|Any CPU.Build.0 = Debug|Any CPU
		{E13F326F-84E6-4440-AEF0-60A9E38F61E5}.Release|Any CPU.ActiveCfg = Release|Any CPU
		{E13F326F-84E6-4440-AEF0-60A9E38F61E5}.Release|Any CPU.Build.0 = Release|Any CPU
	EndGlobalSection
	GlobalSection(SolutionProperties) = preSolution
		HideSolutionNode = FALSE
	EndGlobalSection
	GlobalSection(ExtensibilityGlobals) = postSolution
		SolutionGuid = {D9DE13C6-0CCB-4DB4-8975-E9C78EC2EC01}
	EndGlobalSection
EndGlobal
